// !$*UTF8*$!
{
	archiveVersion = 1;
	classes = {
	};
	objectVersion = 56;
	objects = {

/* Begin PBXBuildFile section */
		396F3A48C9DA4C05A7AB9B84 /* Assets.xcassets in Resources */ = {isa = PBXBuildFile; fileRef = AF6D573C549F43CCBB3DF3EA /* Assets.xcassets */; };
		A10000010000000000000001 /* LaunchyardApp.swift in Sources */ = {isa = PBXBuildFile; fileRef = A10001010000000000000001 /* LaunchyardApp.swift */; };
		A10000020000000000000001 /* LaunchService.swift in Sources */ = {isa = PBXBuildFile; fileRef = A10001020000000000000001 /* LaunchService.swift */; };
		A10000030000000000000001 /* CommandRunner.swift in Sources */ = {isa = PBXBuildFile; fileRef = A10001030000000000000001 /* CommandRunner.swift */; };
		A10000040000000000000001 /* PlistEditorService.swift in Sources */ = {isa = PBXBuildFile; fileRef = A10001040000000000000001 /* PlistEditorService.swift */; };
		A10000050000000000000001 /* LaunchctlService.swift in Sources */ = {isa = PBXBuildFile; fileRef = A10001050000000000000001 /* LaunchctlService.swift */; };
		A10000060000000000000001 /* LaunchyardViewModel.swift in Sources */ = {isa = PBXBuildFile; fileRef = A10001060000000000000001 /* LaunchyardViewModel.swift */; };
		A10000070000000000000001 /* ContentView.swift in Sources */ = {isa = PBXBuildFile; fileRef = A10001070000000000000001 /* ContentView.swift */; };
		A10000080000000000000001 /* ServiceListView.swift in Sources */ = {isa = PBXBuildFile; fileRef = A10001080000000000000001 /* ServiceListView.swift */; };
		A10000090000000000000001 /* ServiceDetailView.swift in Sources */ = {isa = PBXBuildFile; fileRef = A10001090000000000000001 /* ServiceDetailView.swift */; };
		A100000A0000000000000001 /* ServiceEditorView.swift in Sources */ = {isa = PBXBuildFile; fileRef = A100010A0000000000000001 /* ServiceEditorView.swift */; };
		A100000B0000000000000001 /* LogViewerView.swift in Sources */ = {isa = PBXBuildFile; fileRef = A100010B0000000000000001 /* LogViewerView.swift */; };
/* End PBXBuildFile section */

/* Begin PBXFileReference section */
		A10000100000000000000001 /* Launchyard.app */ = {isa = PBXFileReference; explicitFileType = wrapper.application; includeInIndex = 0; path = Launchyard.app; sourceTree = BUILT_PRODUCTS_DIR; };
		A10001010000000000000001 /* LaunchyardApp.swift */ = {isa = PBXFileReference; lastKnownFileType = sourcecode.swift; path = LaunchyardApp.swift; sourceTree = "<group>"; };
		A10001020000000000000001 /* LaunchService.swift */ = {isa = PBXFileReference; lastKnownFileType = sourcecode.swift; path = LaunchService.swift; sourceTree = "<group>"; };
		A10001030000000000000001 /* CommandRunner.swift */ = {isa = PBXFileReference; lastKnownFileType = sourcecode.swift; path = CommandRunner.swift; sourceTree = "<group>"; };
		A10001040000000000000001 /* PlistEditorService.swift */ = {isa = PBXFileReference; lastKnownFileType = sourcecode.swift; path = PlistEditorService.swift; sourceTree = "<group>"; };
		A10001050000000000000001 /* LaunchctlService.swift */ = {isa = PBXFileReference; lastKnownFileType = sourcecode.swift; path = LaunchctlService.swift; sourceTree = "<group>"; };
		A10001060000000000000001 /* LaunchyardViewModel.swift */ = {isa = PBXFileReference; lastKnownFileType = sourcecode.swift; path = LaunchyardViewModel.swift; sourceTree = "<group>"; };
		A10001070000000000000001 /* ContentView.swift */ = {isa = PBXFileReference; lastKnownFileType = sourcecode.swift; path = ContentView.swift; sourceTree = "<group>"; };
		A10001080000000000000001 /* ServiceListView.swift */ = {isa = PBXFileReference; lastKnownFileType = sourcecode.swift; path = ServiceListView.swift; sourceTree = "<group>"; };
		A10001090000000000000001 /* ServiceDetailView.swift */ = {isa = PBXFileReference; lastKnownFileType = sourcecode.swift; path = ServiceDetailView.swift; sourceTree = "<group>"; };
		A100010A0000000000000001 /* ServiceEditorView.swift */ = {isa = PBXFileReference; lastKnownFileType = sourcecode.swift; path = ServiceEditorView.swift; sourceTree = "<group>"; };
		A100010B0000000000000001 /* LogViewerView.swift */ = {isa = PBXFileReference; lastKnownFileType = sourcecode.swift; path = LogViewerView.swift; sourceTree = "<group>"; };
		AF6D573C549F43CCBB3DF3EA /* Assets.xcassets */ = {isa = PBXFileReference; lastKnownFileType = folder.assetcatalog; path = Assets.xcassets; sourceTree = "<group>"; };
/* End PBXFileReference section */

/* Begin PBXFrameworksBuildPhase section */
		A10000200000000000000001 /* Frameworks */ = {
			isa = PBXFrameworksBuildPhase;
			buildActionMask = 2147483647;
			files = (
			);
			runOnlyForDeploymentPostprocessing = 0;
		};
/* End PBXFrameworksBuildPhase section */

/* Begin PBXGroup section */
		A10000300000000000000001 = {
			isa = PBXGroup;
			children = (
				A10000310000000000000001 /* Launchyard */,
				A10000400000000000000001 /* Products */,
			);
			sourceTree = "<group>";
		};
		A10000310000000000000001 /* Launchyard */ = {
			isa = PBXGroup;
			children = (
				A10001010000000000000001 /* LaunchyardApp.swift */,
				A10000320000000000000001 /* Models */,
				A10000330000000000000001 /* Services */,
				A10000340000000000000001 /* ViewModels */,
				A10000350000000000000001 /* Views */,
				AF6D573C549F43CCBB3DF3EA /* Assets.xcassets */,
			);
			path = Launchyard;
			sourceTree = "<group>";
		};
		A10000320000000000000001 /* Models */ = {
			isa = PBXGroup;
			children = (
				A10001020000000000000001 /* LaunchService.swift */,
			);
			path = Models;
			sourceTree = "<group>";
		};
		A10000330000000000000001 /* Services */ = {
			isa = PBXGroup;
			children = (
				A10001030000000000000001 /* CommandRunner.swift */,
				A10001040000000000000001 /* PlistEditorService.swift */,
				A10001050000000000000001 /* LaunchctlService.swift */,
			);
			path = Services;
			sourceTree = "<group>";
		};
		A10000340000000000000001 /* ViewModels */ = {
			isa = PBXGroup;
			children = (
				A10001060000000000000001 /* LaunchyardViewModel.swift */,
			);
			path = ViewModels;
			sourceTree = "<group>";
		};
		A10000350000000000000001 /* Views */ = {
			isa = PBXGroup;
			children = (
				A10001070000000000000001 /* ContentView.swift */,
				A10001080000000000000001 /* ServiceListView.swift */,
				A10001090000000000000001 /* ServiceDetailView.swift */,
				A100010A0000000000000001 /* ServiceEditorView.swift */,
				A100010B0000000000000001 /* LogViewerView.swift */,
			);
			path = Views;
			sourceTree = "<group>";
		};
		A10000400000000000000001 /* Products */ = {
			isa = PBXGroup;
			children = (
				A10000100000000000000001 /* Launchyard.app */,
			);
			name = Products;
			sourceTree = "<group>";
		};
/* End PBXGroup section */

/* Begin PBXNativeTarget section */
		A10000500000000000000001 /* Launchyard */ = {
			isa = PBXNativeTarget;
			buildConfigurationList = A10000700000000000000001 /* Build configuration list for PBXNativeTarget "Launchyard" */;
			buildPhases = (
				A10000600000000000000001 /* Sources */,
				2187F6A88CA44018811EB4FB /* Resources */,
				A10000200000000000000001 /* Frameworks */,
			);
			buildRules = (
			);
			dependencies = (
			);
			name = Launchyard;
			productName = Launchyard;
			productReference = A10000100000000000000001 /* Launchyard.app */;
			productType = "com.apple.product-type.application";
		};
/* End PBXNativeTarget section */

/* Begin PBXProject section */
		A10000800000000000000001 /* Project object */ = {
			isa = PBXProject;
			attributes = {
				BuildIndependentTargetsInParallel = 1;
				LastSwiftUpdateCheck = 1600;
				LastUpgradeCheck = 1600;
				TargetAttributes = {
					A10000500000000000000001 = {
						CreatedOnToolsVersion = 16.0;
					};
				};
			};
			buildConfigurationList = A10000900000000000000001 /* Build configuration list for PBXProject "Launchyard" */;
			compatibilityVersion = "Xcode 14.0";
			developmentRegion = en;
			hasScannedForEncodings = 0;
			knownRegions = (
				en,
				Base,
			);
			mainGroup = A10000300000000000000001;
			productRefGroup = A10000400000000000000001 /* Products */;
			projectDirPath = "";
			projectRoot = "";
			targets = (
				A10000500000000000000001 /* Launchyard */,
			);
		};
/* End PBXProject section */

/* Begin PBXResourcesBuildPhase section */
		2187F6A88CA44018811EB4FB /* Resources */ = {
			isa = PBXResourcesBuildPhase;
			buildActionMask = 2147483647;
			files = (
				396F3A48C9DA4C05A7AB9B84 /* Assets.xcassets in Resources */,
			);
			runOnlyForDeploymentPostprocessing = 0;
		};
/* End PBXResourcesBuildPhase section */

/* Begin PBXSourcesBuildPhase section */
		A10000600000000000000001 /* Sources */ = {
			isa = PBXSourcesBuildPhase;
			buildActionMask = 2147483647;
			files = (
				A10000010000000000000001 /* LaunchyardApp.swift in Sources */,
				A10000020000000000000001 /* LaunchService.swift in Sources */,
				A10000030000000000000001 /* CommandRunner.swift in Sources */,
				A10000040000000000000001 /* PlistEditorService.swift in Sources */,
				A10000050000000000000001 /* LaunchctlService.swift in Sources */,
				A10000060000000000000001 /* LaunchyardViewModel.swift in Sources */,
				A10000070000000000000001 /* ContentView.swift in Sources */,
				A10000080000000000000001 /* ServiceListView.swift in Sources */,
				A10000090000000000000001 /* ServiceDetailView.swift in Sources */,
				A100000A0000000000000001 /* ServiceEditorView.swift in Sources */,
				A100000B0000000000000001 /* LogViewerView.swift in Sources */,
			);
			runOnlyForDeploymentPostprocessing = 0;
		};
/* End PBXSourcesBuildPhase section */

/* Begin XCBuildConfiguration section */
		A10000A00000000000000001 /* Debug */ = {
			isa = XCBuildConfiguration;
			buildSettings = {
				ALWAYS_SEARCH_USER_PATHS = NO;
				CLANG_ENABLE_MODULES = YES;
				CLANG_ENABLE_OBJC_ARC = YES;
				CLANG_WARN_BLOCK_CAPTURE_AUTORELEASING = YES;
				CLANG_WARN_BOOL_CONVERSION = YES;
				CLANG_WARN_COMMA = YES;
				CLANG_WARN_CONSTANT_CONVERSION = YES;
				CLANG_WARN_DEPRECATED_OBJC_IMPLEMENTATIONS = YES;
				CLANG_WARN_DIRECT_OBJC_ISA_USAGE = YES_ERROR;
				CLANG_WARN_DOCUMENTATION_COMMENTS = YES;
				CLANG_WARN_EMPTY_BODY = YES;
				CLANG_WARN_ENUM_CONVERSION = YES;
				CLANG_WARN_INFINITE_RECURSION = YES;
				CLANG_WARN_INT_CONVERSION = YES;
				CLANG_WARN_NON_LITERAL_NULL_CONVERSION = YES;
				CLANG_WARN_OBJC_IMPLICIT_RETAIN_SELF = YES;
				CLANG_WARN_OBJC_LITERAL_CONVERSION = YES;
				CLANG_WARN_OBJC_ROOT_CLASS = YES_ERROR;
				CLANG_WARN_QUOTED_INCLUDE_IN_FRAMEWORK_HEADER = YES;
				CLANG_WARN_RANGE_LOOP_ANALYSIS = YES;
				CLANG_WARN_STRICT_PROTOTYPES = YES;
				CLANG_WARN_SUSPICIOUS_MOVE = YES;
				CLANG_WARN_UNGUARDED_AVAILABILITY = YES_AGGRESSIVE;
				CLANG_WARN_UNREACHABLE_CODE = YES;
				COPY_PHASE_STRIP = NO;
				DEBUG_INFORMATION_FORMAT = dwarf;
				ENABLE_STRICT_OBJC_MSGSEND = YES;
				ENABLE_TESTABILITY = YES;
				GCC_C_LANGUAGE_STANDARD = gnu17;
				GCC_DYNAMIC_NO_PIC = NO;
				GCC_NO_COMMON_BLOCKS = YES;
				GCC_OPTIMIZATION_LEVEL = 0;
				GCC_PREPROCESSOR_DEFINITIONS = (
					"DEBUG=1",
					"$(inherited)",
				);
				GCC_WARN_64_TO_32_BIT_CONVERSION = YES;
				GCC_WARN_ABOUT_RETURN_TYPE = YES_ERROR;
				GCC_WARN_UNDECLARED_SELECTOR = YES;
				GCC_WARN_UNINITIALIZED_AUTOS = YES_AGGRESSIVE;
				GCC_WARN_UNUSED_FUNCTION = YES;
				GCC_WARN_UNUSED_VARIABLE = YES;
				MACOSX_DEPLOYMENT_TARGET = 14.0;
				MTL_ENABLE_DEBUG_INFO = INCLUDE_SOURCE;
				MTL_FAST_MATH = YES;
				ONLY_ACTIVE_ARCH = YES;
				SDKROOT = macosx;
				SWIFT_ACTIVE_COMPILATION_CONDITIONS = "DEBUG $(inherited)";
				SWIFT_OPTIMIZATION_LEVEL = "-Onone";
			};
			name = Debug;
		};
		A10000A10000000000000001 /* Release */ = {
			isa = XCBuildConfiguration;
			buildSettings = {
				ALWAYS_SEARCH_USER_PATHS = NO;
				CLANG_ENABLE_MODULES = YES;
				CLANG_ENABLE_OBJC_ARC = YES;
				CLANG_WARN_BLOCK_CAPTURE_AUTORELEASING = YES;
				CLANG_WARN_BOOL_CONVERSION = YES;
				CLANG_WARN_COMMA = YES;
				CLANG_WARN_CONSTANT_CONVERSION = YES;
				CLANG_WARN_DEPRECATED_OBJC_IMPLEMENTATIONS = YES;
				CLANG_WARN_DIRECT_OBJC_ISA_USAGE = YES_ERROR;
				CLANG_WARN_DOCUMENTATION_COMMENTS = YES;
				CLANG_WARN_EMPTY_BODY = YES;
				CLANG_WARN_ENUM_CONVERSION = YES;
				CLANG_WARN_INFINITE_RECURSION = YES;
				CLANG_WARN_INT_CONVERSION = YES;
				CLANG_WARN_NON_LITERAL_NULL_CONVERSION = YES;
				CLANG_WARN_OBJC_IMPLICIT_RETAIN_SELF = YES;
				CLANG_WARN_OBJC_LITERAL_CONVERSION = YES;
				CLANG_WARN_OBJC_ROOT_CLASS = YES_ERROR;
				CLANG_WARN_QUOTED_INCLUDE_IN_FRAMEWORK_HEADER = YES;
				CLANG_WARN_RANGE_LOOP_ANALYSIS = YES;
				CLANG_WARN_STRICT_PROTOTYPES = YES;
				CLANG_WARN_SUSPICIOUS_MOVE = YES;
				CLANG_WARN_UNGUARDED_AVAILABILITY = YES_AGGRESSIVE;
				CLANG_WARN_UNREACHABLE_CODE = YES;
				COPY_PHASE_STRIP = NO;
				DEBUG_INFORMATION_FORMAT = "dwarf-with-dsym";
				ENABLE_NS_ASSERTIONS = NO;
				ENABLE_STRICT_OBJC_MSGSEND = YES;
				GCC_C_LANGUAGE_STANDARD = gnu17;
				GCC_NO_COMMON_BLOCKS = YES;
				GCC_WARN_64_TO_32_BIT_CONVERSION = YES;
				GCC_WARN_ABOUT_RETURN_TYPE = YES_ERROR;
				GCC_WARN_UNDECLARED_SELECTOR = YES;
				GCC_WARN_UNINITIALIZED_AUTOS = YES_AGGRESSIVE;
				GCC_WARN_UNUSED_FUNCTION = YES;
				GCC_WARN_UNUSED_VARIABLE = YES;
				MACOSX_DEPLOYMENT_TARGET = 14.0;
				MTL_ENABLE_DEBUG_INFO = NO;
				MTL_FAST_MATH = YES;
				SDKROOT = macosx;
				SWIFT_COMPILATION_MODE = wholemodule;
				SWIFT_OPTIMIZATION_LEVEL = "-O";
			};
			name = Release;
		};
		A10000B00000000000000001 /* Debug */ = {
			isa = XCBuildConfiguration;
			buildSettings = {
				ASSETCATALOG_COMPILER_APPICON_NAME = AppIcon;
				CODE_SIGN_STYLE = Automatic;
				COMBINE_HIDPI_IMAGES = YES;
				CURRENT_PROJECT_VERSION = 1;
				DEVELOPMENT_TEAM = M7NZ5ETEY2;
				ENABLE_APP_SANDBOX = NO;
				GENERATE_INFOPLIST_FILE = YES;
				INFOPLIST_KEY_CFBundleDisplayName = Launchyard;
				INFOPLIST_KEY_LSApplicationCategoryType = "public.app-category.utilities";
				INFOPLIST_KEY_NSHumanReadableCopyright = "";
				LD_RUNPATH_SEARCH_PATHS = (
					"$(inherited)",
					"@executable_path/../Frameworks",
				);
				MACOSX_DEPLOYMENT_TARGET = 14.0;
				MARKETING_VERSION = 1.0.1;
				PRODUCT_BUNDLE_IDENTIFIER = com.finalbits.launchyard;
				PRODUCT_NAME = "$(TARGET_NAME)";
				REGISTER_APP_GROUPS = YES;
				SWIFT_EMIT_LOC_STRINGS = YES;
				SWIFT_VERSION = 5.0;
			};
			name = Debug;
		};
		A10000B10000000000000001 /* Release */ = {
			isa = XCBuildConfiguration;
			buildSettings = {
				ASSETCATALOG_COMPILER_APPICON_NAME = AppIcon;
				CODE_SIGN_STYLE = Automatic;
				COMBINE_HIDPI_IMAGES = YES;
				CURRENT_PROJECT_VERSION = 1;
				DEVELOPMENT_TEAM = M7NZ5ETEY2;
				ENABLE_APP_SANDBOX = NO;
				GENERATE_INFOPLIST_FILE = YES;
				INFOPLIST_KEY_CFBundleDisplayName = Launchyard;
				INFOPLIST_KEY_LSApplicationCategoryType = "public.app-category.utilities";
				INFOPLIST_KEY_NSHumanReadableCopyright = "";
				LD_RUNPATH_SEARCH_PATHS = (
					"$(inherited)",
					"@executable_path/../Frameworks",
				);
				MACOSX_DEPLOYMENT_TARGET = 14.0;
				MARKETING_VERSION = 1.0.1;
				PRODUCT_BUNDLE_IDENTIFIER = com.finalbits.launchyard;
				PRODUCT_NAME = "$(TARGET_NAME)";
				REGISTER_APP_GROUPS = YES;
				SWIFT_EMIT_LOC_STRINGS = YES;
				SWIFT_VERSION = 5.0;
			};
			name = Release;
		};
/* End XCBuildConfiguration section */

/* Begin XCConfigurationList section */
		A10000700000000000000001 /* Build configuration list for PBXNativeTarget "Launchyard" */ = {
			isa = XCConfigurationList;
			buildConfigurations = (
				A10000B00000000000000001 /* Debug */,
				A10000B10000000000000001 /* Release */,
			);
			defaultConfigurationIsVisible = 0;
			defaultConfigurationName = Release;
		};
		A10000900000000000000001 /* Build configuration list for PBXProject "Launchyard" */ = {
			isa = XCConfigurationList;
			buildConfigurations = (
				A10000A00000000000000001 /* Debug */,
				A10000A10000000000000001 /* Release */,
			);
			defaultConfigurationIsVisible = 0;
			defaultConfigurationName = Release;
		};
/* End XCConfigurationList section */
	};
	rootObject = A10000800000000000000001 /* Project object */;
}
